
Microsoft Visual Studio Solution File, Format Version 12.00
# Visual Studio Version 16
VisualStudioVersion = 16.0.31515.178
MinimumVisualStudioVersion = 10.0.40219.1
Project("{9A19103F-16F7-4668-BE54-9A1E7A4F7556}") = "Client", "CommandClient\Client.csproj", "{E1D8D98D-3162-44F9-9E6C-6361A80FEBDA}"
EndProject
Project("{9A19103F-16F7-4668-BE54-9A1E7A4F7556}") = "ReadModelUpdater", "ReadModelUpdater\ReadModelUpdater.csproj", "{9B413654-5688-4362-95EB-0EB1AB1A2842}"
EndProject
Project("{9A19103F-16F7-4668-BE54-9A1E7A4F7556}") = "Events", "Events\Events.csproj", "{4A3C430B-3292-4784-BEE9-AB46F5FFFC93}"
EndProject
Project("{9A19103F-16F7-4668-BE54-9A1E7A4F7556}") = "Commands", "Commands\Commands.csproj", "{58EA12ED-EF74-4A3E-9E91-ACB8BAD9A29D}"
EndProject
Project("{9A19103F-16F7-4668-BE54-9A1E7A4F7556}") = "Queries", "Queries\Queries.csproj", "{80D72B13-E296-4072-9E00-10A99296525D}"
EndProject
Project("{9A19103F-16F7-4668-BE54-9A1E7A4F7556}") = "Model", "Model\Model.csproj", "{43513F0D-01C2-46BA-BCD5-DD060DAB33ED}"
EndProject
Project("{2150E333-8FDC-42A3-9474-1A3956D46DE8}") = "Misc", "Misc", "{B5B173E4-9068-49DC-A3D5-7EC4438877B5}"
	ProjectSection(SolutionItems) = preProject
		Docker\docker-compose.yml = Docker\docker-compose.yml
		README.md = README.md
	EndProjectSection
EndProject
Global
	GlobalSection(SolutionConfigurationPlatforms) = preSolution
		Debug|Any CPU = Debug|Any CPU
		Release|Any CPU = Release|Any CPU
	EndGlobalSection
	GlobalSection(ProjectConfigurationPlatforms) = postSolution
		{E1D8D98D-3162-44F9-9E6C-6361A80FEBDA}.Debug|Any CPU.ActiveCfg = Debug|Any CPU
		{E1D8D98D-3162-44F9-9E6C-6361A80FEBDA}.Debug|Any CPU.Build.0 = Debug|Any CPU
		{E1D8D98D-3162-44F9-9E6C-6361A80FEBDA}.Release|Any CPU.ActiveCfg = Release|Any CPU
		{E1D8D98D-3162-44F9-9E6C-6361A80FEBDA}.Release|Any CPU.Build.0 = Release|Any CPU
		{9B413654-5688-4362-95EB-0EB1AB1A2842}.Debug|Any CPU.ActiveCfg = Debug|Any CPU
		{9B413654-5688-4362-95EB-0EB1AB1A2842}.Debug|Any CPU.Build.0 = Debug|Any CPU
		{9B413654-5688-4362-95EB-0EB1AB1A2842}.Release|Any CPU.ActiveCfg = Release|Any CPU
		{9B413654-5688-4362-95EB-0EB1AB1A2842}.Release|Any CPU.Build.0 = Release|Any CPU
		{4A3C430B-3292-4784-BEE9-AB46F5FFFC93}.Debug|Any CPU.ActiveCfg = Debug|Any CPU
		{4A3C430B-3292-4784-BEE9-AB46F5FFFC93}.Debug|Any CPU.Build.0 = Debug|Any CPU
		{4A3C430B-3292-4784-BEE9-AB46F5FFFC93}.Release|Any CPU.ActiveCfg = Release|Any CPU
		{4A3C430B-3292-4784-BEE9-AB46F5FFFC93}.Release|Any CPU.Build.0 = Release|Any CPU
		{58EA12ED-EF74-4A3E-9E91-ACB8BAD9A29D}.Debug|Any CPU.ActiveCfg = Debug|Any CPU
		{58EA12ED-EF74-4A3E-9E91-ACB8BAD9A29D}.Debug|Any CPU.Build.0 = Debug|Any CPU
		{58EA12ED-EF74-4A3E-9E91-ACB8BAD9A29D}.Release|Any CPU.ActiveCfg = Release|Any CPU
		{58EA12ED-EF74-4A3E-9E91-ACB8BAD9A29D}.Release|Any CPU.Build.0 = Release|Any CPU
		{80D72B13-E296-4072-9E00-10A99296525D}.Debug|Any CPU.ActiveCfg = Debug|Any CPU
		{80D72B13-E296-4072-9E00-10A99296525D}.Debug|Any CPU.Build.0 = Debug|Any CPU
		{80D72B13-E296-4072-9E00-10A99296525D}.Release|Any CPU.ActiveCfg = Release|Any CPU
		{80D72B13-E296-4072-9E00-10A99296525D}.Release|Any CPU.Build.0 = Release|Any CPU
		{43513F0D-01C2-46BA-BCD5-DD060DAB33ED}.Debug|Any CPU.ActiveCfg = Debug|Any CPU
		{43513F0D-01C2-46BA-BCD5-DD060DAB33ED}.Debug|Any CPU.Build.0 = Debug|Any CPU
		{43513F0D-01C2-46BA-BCD5-DD060DAB33ED}.Release|Any CPU.ActiveCfg = Release|Any CPU
		{43513F0D-01C2-46BA-BCD5-DD060DAB33ED}.Release|Any CPU.Build.0 = Release|Any CPU
	EndGlobalSection
	GlobalSection(SolutionProperties) = preSolution
		HideSolutionNode = FALSE
	EndGlobalSection
	GlobalSection(ExtensibilityGlobals) = postSolution
		SolutionGuid = {BEAAD782-0E66-435F-A78C-4B2889797519}
	EndGlobalSection
EndGlobal
